PODS:
  - Kingfisher (7.4.1)
  - lottie-ios (4.0.1)

DEPENDENCIES:
  - Kingfisher (~> 7.0)
  - lottie-ios

SPEC REPOS:
  trunk:
    - Kingfisher
    - lottie-ios

SPEC CHECKSUMS:
  Kingfisher: cd762a593a61b2fbecf7645c00f9a801a3ebfc9c
  lottie-ios: 54d22edf55b839f0929cabbfe609c9aa548b1145

PODFILE CHECKSUM: 9442e9160e10261fc995e76002f7ffebe2ded45f

COCOAPODS: 1.11.3
