// !$*UTF8*$!
{
	archiveVersion = 1;
	classes = {
	};
	objectVersion = 56;
	objects = {

/* Begin PBXBuildFile section */
		1E0201B02971BFC400C4FD44 /* PagerScrollView.swift in Sources */ = {isa = PBXBuildFile; fileRef = 1E0201AF2971BFC400C4FD44 /* PagerScrollView.swift */; };
		1E0201B22971C5AA00C4FD44 /* Values.swift in Sources */ = {isa = PBXBuildFile; fileRef = 1E0201B12971C5AA00C4FD44 /* Values.swift */; };
		1E21A7B32971AB09009A8B63 /* CatCollectionViewCell.swift in Sources */ = {isa = PBXBuildFile; fileRef = 1E21A7B12971AB09009A8B63 /* CatCollectionViewCell.swift */; };
		1E21A7B42971AB09009A8B63 /* CatCollectionViewCell.xib in Resources */ = {isa = PBXBuildFile; fileRef = 1E21A7B22971AB09009A8B63 /* CatCollectionViewCell.xib */; };
		1E571EBA297173680077E5C1 /* ResultCell.swift in Sources */ = {isa = PBXBuildFile; fileRef = 1E571EB8297173680077E5C1 /* ResultCell.swift */; };
		1E571EBB297173680077E5C1 /* ResultCell.xib in Resources */ = {isa = PBXBuildFile; fileRef = 1E571EB9297173680077E5C1 /* ResultCell.xib */; };
		1E704F86297185E200D75A35 /* HomeViewModel.swift in Sources */ = {isa = PBXBuildFile; fileRef = 1E704F85297185E200D75A35 /* HomeViewModel.swift */; };
		1E704F9C29718F0700D75A35 /* Gilroy-SemiBoldItalic.ttf in Resources */ = {isa = PBXBuildFile; fileRef = 1E704F8829718F0600D75A35 /* Gilroy-SemiBoldItalic.ttf */; };
		1E704F9D29718F0700D75A35 /* Gilroy-ExtraBoldItalic.ttf in Resources */ = {isa = PBXBuildFile; fileRef = 1E704F8929718F0600D75A35 /* Gilroy-ExtraBoldItalic.ttf */; };
		1E704F9E29718F0700D75A35 /* Gilroy-HeavyItalic.ttf in Resources */ = {isa = PBXBuildFile; fileRef = 1E704F8A29718F0600D75A35 /* Gilroy-HeavyItalic.ttf */; };
		1E704F9F29718F0700D75A35 /* Gilroy-ExtraBold.ttf in Resources */ = {isa = PBXBuildFile; fileRef = 1E704F8B29718F0600D75A35 /* Gilroy-ExtraBold.ttf */; };
		1E704FA029718F0700D75A35 /* Gilroy-ThinItalic.ttf in Resources */ = {isa = PBXBuildFile; fileRef = 1E704F8C29718F0600D75A35 /* Gilroy-ThinItalic.ttf */; };
		1E704FA129718F0700D75A35 /* Gilroy-Bold.ttf in Resources */ = {isa = PBXBuildFile; fileRef = 1E704F8D29718F0600D75A35 /* Gilroy-Bold.ttf */; };
		1E704FA229718F0700D75A35 /* Gilroy-BlackItalic.ttf in Resources */ = {isa = PBXBuildFile; fileRef = 1E704F8E29718F0600D75A35 /* Gilroy-BlackItalic.ttf */; };
		1E704FA329718F0700D75A35 /* Gilroy-BoldItalic.ttf in Resources */ = {isa = PBXBuildFile; fileRef = 1E704F8F29718F0600D75A35 /* Gilroy-BoldItalic.ttf */; };
		1E704FA429718F0700D75A35 /* Gilroy-Heavy.ttf in Resources */ = {isa = PBXBuildFile; fileRef = 1E704F9029718F0600D75A35 /* Gilroy-Heavy.ttf */; };
		1E704FA529718F0700D75A35 /* Gilroy-Regular.ttf in Resources */ = {isa = PBXBuildFile; fileRef = 1E704F9129718F0700D75A35 /* Gilroy-Regular.ttf */; };
		1E704FA629718F0700D75A35 /* Gilroy-Black.ttf in Resources */ = {isa = PBXBuildFile; fileRef = 1E704F9229718F0700D75A35 /* Gilroy-Black.ttf */; };
		1E704FA729718F0700D75A35 /* Gilroy-RegularItalic.ttf in Resources */ = {isa = PBXBuildFile; fileRef = 1E704F9329718F0700D75A35 /* Gilroy-RegularItalic.ttf */; };
		1E704FA829718F0700D75A35 /* Gilroy-Thin.ttf in Resources */ = {isa = PBXBuildFile; fileRef = 1E704F9429718F0700D75A35 /* Gilroy-Thin.ttf */; };
		1E704FA929718F0700D75A35 /* Gilroy-MediumItalic.ttf in Resources */ = {isa = PBXBuildFile; fileRef = 1E704F9529718F0700D75A35 /* Gilroy-MediumItalic.ttf */; };
		1E704FAA29718F0700D75A35 /* Gilroy-UltraLight.ttf in Resources */ = {isa = PBXBuildFile; fileRef = 1E704F9629718F0700D75A35 /* Gilroy-UltraLight.ttf */; };
		1E704FAB29718F0700D75A35 /* Gilroy-UltraLightItalic.ttf in Resources */ = {isa = PBXBuildFile; fileRef = 1E704F9729718F0700D75A35 /* Gilroy-UltraLightItalic.ttf */; };
		1E704FAC29718F0700D75A35 /* Gilroy-SemiBold.ttf in Resources */ = {isa = PBXBuildFile; fileRef = 1E704F9829718F0700D75A35 /* Gilroy-SemiBold.ttf */; };
		1E704FAD29718F0700D75A35 /* Gilroy-LightItalic.ttf in Resources */ = {isa = PBXBuildFile; fileRef = 1E704F9929718F0700D75A35 /* Gilroy-LightItalic.ttf */; };
		1E704FAE29718F0700D75A35 /* Gilroy-Medium.ttf in Resources */ = {isa = PBXBuildFile; fileRef = 1E704F9A29718F0700D75A35 /* Gilroy-Medium.ttf */; };
		1E704FAF29718F0700D75A35 /* Gilroy-Light.ttf in Resources */ = {isa = PBXBuildFile; fileRef = 1E704F9B29718F0700D75A35 /* Gilroy-Light.ttf */; };
		1EAE2810296ECDF5006E63BC /* Collection+Extension.swift in Sources */ = {isa = PBXBuildFile; fileRef = 1EAE280F296ECDF4006E63BC /* Collection+Extension.swift */; };
		1EAE2815296EDDCA006E63BC /* HomeModel.swift in Sources */ = {isa = PBXBuildFile; fileRef = 1EAE2814296EDDCA006E63BC /* HomeModel.swift */; };
		1EAE2817296EDE38006E63BC /* GalaxyModel.swift in Sources */ = {isa = PBXBuildFile; fileRef = 1EAE2816296EDE38006E63BC /* GalaxyModel.swift */; };
		1EAE281A296EDE9F006E63BC /* NetworkLayer.swift in Sources */ = {isa = PBXBuildFile; fileRef = 1EAE2819296EDE9F006E63BC /* NetworkLayer.swift */; };
		1EAE281D296EE30A006E63BC /* ResultViewModel.swift in Sources */ = {isa = PBXBuildFile; fileRef = 1EAE281C296EE30A006E63BC /* ResultViewModel.swift */; };
		1EAE281F296EE328006E63BC /* ResultService.swift in Sources */ = {isa = PBXBuildFile; fileRef = 1EAE281E296EE328006E63BC /* ResultService.swift */; };
		1EAE2822296EEFA3006E63BC /* ResultViewController.swift in Sources */ = {isa = PBXBuildFile; fileRef = 1EAE2821296EEFA3006E63BC /* ResultViewController.swift */; };
		1EAE2829296F05A8006E63BC /* UIViewController+Extension.swift in Sources */ = {isa = PBXBuildFile; fileRef = 1EAE2828296F05A8006E63BC /* UIViewController+Extension.swift */; };
		1EAE282C296F0676006E63BC /* loader.json in Resources */ = {isa = PBXBuildFile; fileRef = 1EAE282B296F0676006E63BC /* loader.json */; };
		1ED182F5296E93200070CC3D /* AppDelegate.swift in Sources */ = {isa = PBXBuildFile; fileRef = 1ED182F4296E93200070CC3D /* AppDelegate.swift */; };
		1ED182FC296E93200070CC3D /* Main.storyboard in Resources */ = {isa = PBXBuildFile; fileRef = 1ED182FA296E93200070CC3D /* Main.storyboard */; };
		1ED182FE296E93220070CC3D /* Assets.xcassets in Resources */ = {isa = PBXBuildFile; fileRef = 1ED182FD296E93220070CC3D /* Assets.xcassets */; };
		1ED18301296E93220070CC3D /* LaunchScreen.storyboard in Resources */ = {isa = PBXBuildFile; fileRef = 1ED182FF296E93220070CC3D /* LaunchScreen.storyboard */; };
		1ED1830F296E97E80070CC3D /* Colors.xcassets in Resources */ = {isa = PBXBuildFile; fileRef = 1ED1830E296E97E80070CC3D /* Colors.xcassets */; };
		1ED18312296EAE640070CC3D /* UIView+Extensions.swift in Sources */ = {isa = PBXBuildFile; fileRef = 1ED18311296EAE640070CC3D /* UIView+Extensions.swift */; };
		1ED1831A296EBEA20070CC3D /* GalaxyCollectionViewCell.swift in Sources */ = {isa = PBXBuildFile; fileRef = 1ED18318296EBEA20070CC3D /* GalaxyCollectionViewCell.swift */; };
		1ED1831B296EBEA20070CC3D /* GalaxyCollectionViewCell.xib in Resources */ = {isa = PBXBuildFile; fileRef = 1ED18319296EBEA20070CC3D /* GalaxyCollectionViewCell.xib */; };
		1ED1831F296EC5CC0070CC3D /* HomeViewController.swift in Sources */ = {isa = PBXBuildFile; fileRef = 1ED1831E296EC5CC0070CC3D /* HomeViewController.swift */; };
		1EE4A86A2971BCC90078C7C1 /* TabViewController.swift in Sources */ = {isa = PBXBuildFile; fileRef = 1EE4A8692971BCC90078C7C1 /* TabViewController.swift */; };
		617ABB04B814B481DB91862E /* Pods_galaxia.framework in Frameworks */ = {isa = PBXBuildFile; fileRef = C1EA6ADD7262A6FCDD59E8F5 /* Pods_galaxia.framework */; };
/* End PBXBuildFile section */

/* Begin PBXFileReference section */
		1E0201AF2971BFC400C4FD44 /* PagerScrollView.swift */ = {isa = PBXFileReference; fileEncoding = 4; lastKnownFileType = sourcecode.swift; path = PagerScrollView.swift; sourceTree = "<group>"; };
		1E0201B12971C5AA00C4FD44 /* Values.swift */ = {isa = PBXFileReference; lastKnownFileType = sourcecode.swift; path = Values.swift; sourceTree = "<group>"; };
		1E21A7B12971AB09009A8B63 /* CatCollectionViewCell.swift */ = {isa = PBXFileReference; lastKnownFileType = sourcecode.swift; path = CatCollectionViewCell.swift; sourceTree = "<group>"; };
		1E21A7B22971AB09009A8B63 /* CatCollectionViewCell.xib */ = {isa = PBXFileReference; lastKnownFileType = file.xib; path = CatCollectionViewCell.xib; sourceTree = "<group>"; };
		1E571EB8297173680077E5C1 /* ResultCell.swift */ = {isa = PBXFileReference; lastKnownFileType = sourcecode.swift; path = ResultCell.swift; sourceTree = "<group>"; };
		1E571EB9297173680077E5C1 /* ResultCell.xib */ = {isa = PBXFileReference; lastKnownFileType = file.xib; path = ResultCell.xib; sourceTree = "<group>"; };
		1E704F85297185E200D75A35 /* HomeViewModel.swift */ = {isa = PBXFileReference; lastKnownFileType = sourcecode.swift; path = HomeViewModel.swift; sourceTree = "<group>"; };
		1E704F8829718F0600D75A35 /* Gilroy-SemiBoldItalic.ttf */ = {isa = PBXFileReference; lastKnownFileType = file; path = "Gilroy-SemiBoldItalic.ttf"; sourceTree = "<group>"; };
		1E704F8929718F0600D75A35 /* Gilroy-ExtraBoldItalic.ttf */ = {isa = PBXFileReference; lastKnownFileType = file; path = "Gilroy-ExtraBoldItalic.ttf"; sourceTree = "<group>"; };
		1E704F8A29718F0600D75A35 /* Gilroy-HeavyItalic.ttf */ = {isa = PBXFileReference; lastKnownFileType = file; path = "Gilroy-HeavyItalic.ttf"; sourceTree = "<group>"; };
		1E704F8B29718F0600D75A35 /* Gilroy-ExtraBold.ttf */ = {isa = PBXFileReference; lastKnownFileType = file; path = "Gilroy-ExtraBold.ttf"; sourceTree = "<group>"; };
		1E704F8C29718F0600D75A35 /* Gilroy-ThinItalic.ttf */ = {isa = PBXFileReference; lastKnownFileType = file; path = "Gilroy-ThinItalic.ttf"; sourceTree = "<group>"; };
		1E704F8D29718F0600D75A35 /* Gilroy-Bold.ttf */ = {isa = PBXFileReference; lastKnownFileType = file; path = "Gilroy-Bold.ttf"; sourceTree = "<group>"; };
		1E704F8E29718F0600D75A35 /* Gilroy-BlackItalic.ttf */ = {isa = PBXFileReference; lastKnownFileType = file; path = "Gilroy-BlackItalic.ttf"; sourceTree = "<group>"; };
		1E704F8F29718F0600D75A35 /* Gilroy-BoldItalic.ttf */ = {isa = PBXFileReference; lastKnownFileType = file; path = "Gilroy-BoldItalic.ttf"; sourceTree = "<group>"; };
		1E704F9029718F0600D75A35 /* Gilroy-Heavy.ttf */ = {isa = PBXFileReference; lastKnownFileType = file; path = "Gilroy-Heavy.ttf"; sourceTree = "<group>"; };
		1E704F9129718F0700D75A35 /* Gilroy-Regular.ttf */ = {isa = PBXFileReference; lastKnownFileType = file; path = "Gilroy-Regular.ttf"; sourceTree = "<group>"; };
		1E704F9229718F0700D75A35 /* Gilroy-Black.ttf */ = {isa = PBXFileReference; lastKnownFileType = file; path = "Gilroy-Black.ttf"; sourceTree = "<group>"; };
		1E704F9329718F0700D75A35 /* Gilroy-RegularItalic.ttf */ = {isa = PBXFileReference; lastKnownFileType = file; path = "Gilroy-RegularItalic.ttf"; sourceTree = "<group>"; };
		1E704F9429718F0700D75A35 /* Gilroy-Thin.ttf */ = {isa = PBXFileReference; lastKnownFileType = file; path = "Gilroy-Thin.ttf"; sourceTree = "<group>"; };
		1E704F9529718F0700D75A35 /* Gilroy-MediumItalic.ttf */ = {isa = PBXFileReference; lastKnownFileType = file; path = "Gilroy-MediumItalic.ttf"; sourceTree = "<group>"; };
		1E704F9629718F0700D75A35 /* Gilroy-UltraLight.ttf */ = {isa = PBXFileReference; lastKnownFileType = file; path = "Gilroy-UltraLight.ttf"; sourceTree = "<group>"; };
		1E704F9729718F0700D75A35 /* Gilroy-UltraLightItalic.ttf */ = {isa = PBXFileReference; lastKnownFileType = file; path = "Gilroy-UltraLightItalic.ttf"; sourceTree = "<group>"; };
		1E704F9829718F0700D75A35 /* Gilroy-SemiBold.ttf */ = {isa = PBXFileReference; lastKnownFileType = file; path = "Gilroy-SemiBold.ttf"; sourceTree = "<group>"; };
		1E704F9929718F0700D75A35 /* Gilroy-LightItalic.ttf */ = {isa = PBXFileReference; lastKnownFileType = file; path = "Gilroy-LightItalic.ttf"; sourceTree = "<group>"; };
		1E704F9A29718F0700D75A35 /* Gilroy-Medium.ttf */ = {isa = PBXFileReference; lastKnownFileType = file; path = "Gilroy-Medium.ttf"; sourceTree = "<group>"; };
		1E704F9B29718F0700D75A35 /* Gilroy-Light.ttf */ = {isa = PBXFileReference; lastKnownFileType = file; path = "Gilroy-Light.ttf"; sourceTree = "<group>"; };
		1EAE280F296ECDF4006E63BC /* Collection+Extension.swift */ = {isa = PBXFileReference; lastKnownFileType = sourcecode.swift; path = "Collection+Extension.swift"; sourceTree = "<group>"; };
		1EAE2814296EDDCA006E63BC /* HomeModel.swift */ = {isa = PBXFileReference; lastKnownFileType = sourcecode.swift; path = HomeModel.swift; sourceTree = "<group>"; };
		1EAE2816296EDE38006E63BC /* GalaxyModel.swift */ = {isa = PBXFileReference; lastKnownFileType = sourcecode.swift; path = GalaxyModel.swift; sourceTree = "<group>"; };
		1EAE2819296EDE9F006E63BC /* NetworkLayer.swift */ = {isa = PBXFileReference; lastKnownFileType = sourcecode.swift; path = NetworkLayer.swift; sourceTree = "<group>"; };
		1EAE281C296EE30A006E63BC /* ResultViewModel.swift */ = {isa = PBXFileReference; lastKnownFileType = sourcecode.swift; path = ResultViewModel.swift; sourceTree = "<group>"; };
		1EAE281E296EE328006E63BC /* ResultService.swift */ = {isa = PBXFileReference; lastKnownFileType = sourcecode.swift; path = ResultService.swift; sourceTree = "<group>"; };
		1EAE2821296EEFA3006E63BC /* ResultViewController.swift */ = {isa = PBXFileReference; lastKnownFileType = sourcecode.swift; path = ResultViewController.swift; sourceTree = "<group>"; };
		1EAE2828296F05A8006E63BC /* UIViewController+Extension.swift */ = {isa = PBXFileReference; lastKnownFileType = sourcecode.swift; path = "UIViewController+Extension.swift"; sourceTree = "<group>"; };
		1EAE282B296F0676006E63BC /* loader.json */ = {isa = PBXFileReference; fileEncoding = 4; lastKnownFileType = text.json; path = loader.json; sourceTree = "<group>"; };
		1ED182F1296E93200070CC3D /* galaxia.app */ = {isa = PBXFileReference; explicitFileType = wrapper.application; includeInIndex = 0; path = galaxia.app; sourceTree = BUILT_PRODUCTS_DIR; };
		1ED182F4296E93200070CC3D /* AppDelegate.swift */ = {isa = PBXFileReference; lastKnownFileType = sourcecode.swift; path = AppDelegate.swift; sourceTree = "<group>"; };
		1ED182FB296E93200070CC3D /* Base */ = {isa = PBXFileReference; lastKnownFileType = file.storyboard; name = Base; path = Base.lproj/Main.storyboard; sourceTree = "<group>"; };
		1ED182FD296E93220070CC3D /* Assets.xcassets */ = {isa = PBXFileReference; lastKnownFileType = folder.assetcatalog; path = Assets.xcassets; sourceTree = "<group>"; };
		1ED18300296E93220070CC3D /* Base */ = {isa = PBXFileReference; lastKnownFileType = file.storyboard; name = Base; path = Base.lproj/LaunchScreen.storyboard; sourceTree = "<group>"; };
		1ED18302296E93220070CC3D /* Info.plist */ = {isa = PBXFileReference; lastKnownFileType = text.plist.xml; path = Info.plist; sourceTree = "<group>"; };
		1ED1830E296E97E80070CC3D /* Colors.xcassets */ = {isa = PBXFileReference; lastKnownFileType = folder.assetcatalog; path = Colors.xcassets; sourceTree = "<group>"; };
		1ED18311296EAE640070CC3D /* UIView+Extensions.swift */ = {isa = PBXFileReference; lastKnownFileType = sourcecode.swift; path = "UIView+Extensions.swift"; sourceTree = "<group>"; };
		1ED18318296EBEA20070CC3D /* GalaxyCollectionViewCell.swift */ = {isa = PBXFileReference; lastKnownFileType = sourcecode.swift; path = GalaxyCollectionViewCell.swift; sourceTree = "<group>"; };
		1ED18319296EBEA20070CC3D /* GalaxyCollectionViewCell.xib */ = {isa = PBXFileReference; lastKnownFileType = file.xib; path = GalaxyCollectionViewCell.xib; sourceTree = "<group>"; };
		1ED1831E296EC5CC0070CC3D /* HomeViewController.swift */ = {isa = PBXFileReference; lastKnownFileType = sourcecode.swift; path = HomeViewController.swift; sourceTree = "<group>"; };
		1EE4A8692971BCC90078C7C1 /* TabViewController.swift */ = {isa = PBXFileReference; lastKnownFileType = sourcecode.swift; path = TabViewController.swift; sourceTree = "<group>"; };
		5DC28DFE99DBB5B30DA989C3 /* Pods-galaxia.release.xcconfig */ = {isa = PBXFileReference; includeInIndex = 1; lastKnownFileType = text.xcconfig; name = "Pods-galaxia.release.xcconfig"; path = "Target Support Files/Pods-galaxia/Pods-galaxia.release.xcconfig"; sourceTree = "<group>"; };
		C1EA6ADD7262A6FCDD59E8F5 /* Pods_galaxia.framework */ = {isa = PBXFileReference; explicitFileType = wrapper.framework; includeInIndex = 0; path = Pods_galaxia.framework; sourceTree = BUILT_PRODUCTS_DIR; };
		C844944D3E8EBCFC471F524C /* Pods-galaxia.debug.xcconfig */ = {isa = PBXFileReference; includeInIndex = 1; lastKnownFileType = text.xcconfig; name = "Pods-galaxia.debug.xcconfig"; path = "Target Support Files/Pods-galaxia/Pods-galaxia.debug.xcconfig"; sourceTree = "<group>"; };
/* End PBXFileReference section */

/* Begin PBXFrameworksBuildPhase section */
		1ED182EE296E93200070CC3D /* Frameworks */ = {
			isa = PBXFrameworksBuildPhase;
			buildActionMask = 2147483647;
			files = (
				617ABB04B814B481DB91862E /* Pods_galaxia.framework in Frameworks */,
			);
			runOnlyForDeploymentPostprocessing = 0;
		};
/* End PBXFrameworksBuildPhase section */

/* Begin PBXGroup section */
		1E704F8729718EEB00D75A35 /* Gilroy */ = {
			isa = PBXGroup;
			children = (
				1E704F9229718F0700D75A35 /* Gilroy-Black.ttf */,
				1E704F8E29718F0600D75A35 /* Gilroy-BlackItalic.ttf */,
				1E704F8D29718F0600D75A35 /* Gilroy-Bold.ttf */,
				1E704F8F29718F0600D75A35 /* Gilroy-BoldItalic.ttf */,
				1E704F8B29718F0600D75A35 /* Gilroy-ExtraBold.ttf */,
				1E704F8929718F0600D75A35 /* Gilroy-ExtraBoldItalic.ttf */,
				1E704F9029718F0600D75A35 /* Gilroy-Heavy.ttf */,
				1E704F8A29718F0600D75A35 /* Gilroy-HeavyItalic.ttf */,
				1E704F9B29718F0700D75A35 /* Gilroy-Light.ttf */,
				1E704F9929718F0700D75A35 /* Gilroy-LightItalic.ttf */,
				1E704F9A29718F0700D75A35 /* Gilroy-Medium.ttf */,
				1E704F9529718F0700D75A35 /* Gilroy-MediumItalic.ttf */,
				1E704F9129718F0700D75A35 /* Gilroy-Regular.ttf */,
				1E704F9329718F0700D75A35 /* Gilroy-RegularItalic.ttf */,
				1E704F9829718F0700D75A35 /* Gilroy-SemiBold.ttf */,
				1E704F8829718F0600D75A35 /* Gilroy-SemiBoldItalic.ttf */,
				1E704F9429718F0700D75A35 /* Gilroy-Thin.ttf */,
				1E704F8C29718F0600D75A35 /* Gilroy-ThinItalic.ttf */,
				1E704F9629718F0700D75A35 /* Gilroy-UltraLight.ttf */,
				1E704F9729718F0700D75A35 /* Gilroy-UltraLightItalic.ttf */,
			);
			path = Gilroy;
			sourceTree = "<group>";
		};
		1EAE2811296ECF92006E63BC /* Models */ = {
			isa = PBXGroup;
			children = (
				1EAE2814296EDDCA006E63BC /* HomeModel.swift */,
				1EAE2816296EDE38006E63BC /* GalaxyModel.swift */,
			);
			path = Models;
			sourceTree = "<group>";
		};
		1EAE2812296ED68C006E63BC /* Home */ = {
			isa = PBXGroup;
			children = (
				1ED1831E296EC5CC0070CC3D /* HomeViewController.swift */,
			);
			path = Home;
			sourceTree = "<group>";
		};
		1EAE2813296ED696006E63BC /* Result */ = {
			isa = PBXGroup;
			children = (
				1EAE2821296EEFA3006E63BC /* ResultViewController.swift */,
			);
			path = Result;
			sourceTree = "<group>";
		};
		1EAE2818296EDE8A006E63BC /* Network Layer */ = {
			isa = PBXGroup;
			children = (
				1EAE2819296EDE9F006E63BC /* NetworkLayer.swift */,
			);
			path = "Network Layer";
			sourceTree = "<group>";
		};
		1EAE2820296EE33B006E63BC /* Service */ = {
			isa = PBXGroup;
			children = (
				1EAE281E296EE328006E63BC /* ResultService.swift */,
			);
			path = Service;
			sourceTree = "<group>";
		};
		1EAE2823296EFEB1006E63BC /* Result Cell */ = {
			isa = PBXGroup;
			children = (
				1E571EB8297173680077E5C1 /* ResultCell.swift */,
				1E571EB9297173680077E5C1 /* ResultCell.xib */,
			);
			path = "Result Cell";
			sourceTree = "<group>";
		};
		1EAE282A296F066D006E63BC /* Lottie Files */ = {
			isa = PBXGroup;
			children = (
				1EAE282B296F0676006E63BC /* loader.json */,
			);
			path = "Lottie Files";
			sourceTree = "<group>";
		};
		1EAE282D296F0AAF006E63BC /* Categories Cell */ = {
			isa = PBXGroup;
			children = (
				1E21A7B12971AB09009A8B63 /* CatCollectionViewCell.swift */,
				1E21A7B22971AB09009A8B63 /* CatCollectionViewCell.xib */,
			);
			path = "Categories Cell";
			sourceTree = "<group>";
		};
		1ED182E8296E93200070CC3D = {
			isa = PBXGroup;
			children = (
				1ED182F3296E93200070CC3D /* galaxia */,
				1ED182F2296E93200070CC3D /* Products */,
				EA1BACC5AA1FF1B6E455436F /* Pods */,
				5CCDA2C43AA7203244AD306D /* Frameworks */,
			);
			sourceTree = "<group>";
		};
		1ED182F2296E93200070CC3D /* Products */ = {
			isa = PBXGroup;
			children = (
				1ED182F1296E93200070CC3D /* galaxia.app */,
			);
			name = Products;
			sourceTree = "<group>";
		};
		1ED182F3296E93200070CC3D /* galaxia */ = {
			isa = PBXGroup;
			children = (
				1EAE2811296ECF92006E63BC /* Models */,
				1ED1831C296EC35A0070CC3D /* Modules */,
				1ED182FA296E93200070CC3D /* Main.storyboard */,
				1ED1830D296E97D20070CC3D /* Resources */,
				1ED18310296E9F1E0070CC3D /* Extensions */,
				1ED182F4296E93200070CC3D /* AppDelegate.swift */,
				1ED182FF296E93220070CC3D /* LaunchScreen.storyboard */,
				1ED18302296E93220070CC3D /* Info.plist */,
				1EAE2820296EE33B006E63BC /* Service */,
			);
			path = galaxia;
			sourceTree = "<group>";
		};
		1ED18308296E93560070CC3D /* Home */ = {
			isa = PBXGroup;
			children = (
				1ED18316296EBE760070CC3D /* Cells */,
				1ED18309296E93630070CC3D /* Controller */,
				1ED1830A296E936E0070CC3D /* ViewModel */,
			);
			path = Home;
			sourceTree = "<group>";
		};
		1ED18309296E93630070CC3D /* Controller */ = {
			isa = PBXGroup;
			children = (
				1EE4A8682971BCAF0078C7C1 /* Tab */,
				1EAE2813296ED696006E63BC /* Result */,
				1EAE2812296ED68C006E63BC /* Home */,
			);
			path = Controller;
			sourceTree = "<group>";
		};
		1ED1830A296E936E0070CC3D /* ViewModel */ = {
			isa = PBXGroup;
			children = (
				1EAE281C296EE30A006E63BC /* ResultViewModel.swift */,
				1E704F85297185E200D75A35 /* HomeViewModel.swift */,
			);
			path = ViewModel;
			sourceTree = "<group>";
		};
		1ED1830D296E97D20070CC3D /* Resources */ = {
			isa = PBXGroup;
			children = (
				1EAE282A296F066D006E63BC /* Lottie Files */,
				1ED1830E296E97E80070CC3D /* Colors.xcassets */,
				1ED18313296EB78B0070CC3D /* Fonts */,
				1ED182FD296E93220070CC3D /* Assets.xcassets */,
			);
			path = Resources;
			sourceTree = "<group>";
		};
		1ED18310296E9F1E0070CC3D /* Extensions */ = {
			isa = PBXGroup;
			children = (
				1E0201AF2971BFC400C4FD44 /* PagerScrollView.swift */,
				1EAE2818296EDE8A006E63BC /* Network Layer */,
				1ED18311296EAE640070CC3D /* UIView+Extensions.swift */,
				1EAE280F296ECDF4006E63BC /* Collection+Extension.swift */,
				1EAE2828296F05A8006E63BC /* UIViewController+Extension.swift */,
				1E0201B12971C5AA00C4FD44 /* Values.swift */,
			);
			path = Extensions;
			sourceTree = "<group>";
		};
		1ED18313296EB78B0070CC3D /* Fonts */ = {
			isa = PBXGroup;
			children = (
				1E704F8729718EEB00D75A35 /* Gilroy */,
			);
			path = Fonts;
			sourceTree = "<group>";
		};
		1ED18316296EBE760070CC3D /* Cells */ = {
			isa = PBXGroup;
			children = (
				1EAE282D296F0AAF006E63BC /* Categories Cell */,
				1EAE2823296EFEB1006E63BC /* Result Cell */,
				1ED18317296EBE7F0070CC3D /* GalaxyCell */,
			);
			path = Cells;
			sourceTree = "<group>";
		};
		1ED18317296EBE7F0070CC3D /* GalaxyCell */ = {
			isa = PBXGroup;
			children = (
				1ED18318296EBEA20070CC3D /* GalaxyCollectionViewCell.swift */,
				1ED18319296EBEA20070CC3D /* GalaxyCollectionViewCell.xib */,
			);
			path = GalaxyCell;
			sourceTree = "<group>";
		};
		1ED1831C296EC35A0070CC3D /* Modules */ = {
			isa = PBXGroup;
			children = (
				1ED18308296E93560070CC3D /* Home */,
			);
			path = Modules;
			sourceTree = "<group>";
		};
		1EE4A8682971BCAF0078C7C1 /* Tab */ = {
			isa = PBXGroup;
			children = (
				1EE4A8692971BCC90078C7C1 /* TabViewController.swift */,
			);
			path = Tab;
			sourceTree = "<group>";
		};
		5CCDA2C43AA7203244AD306D /* Frameworks */ = {
			isa = PBXGroup;
			children = (
				C1EA6ADD7262A6FCDD59E8F5 /* Pods_galaxia.framework */,
			);
			name = Frameworks;
			sourceTree = "<group>";
		};
		EA1BACC5AA1FF1B6E455436F /* Pods */ = {
			isa = PBXGroup;
			children = (
				C844944D3E8EBCFC471F524C /* Pods-galaxia.debug.xcconfig */,
				5DC28DFE99DBB5B30DA989C3 /* Pods-galaxia.release.xcconfig */,
			);
			path = Pods;
			sourceTree = "<group>";
		};
/* End PBXGroup section */

/* Begin PBXNativeTarget section */
		1ED182F0296E93200070CC3D /* galaxia */ = {
			isa = PBXNativeTarget;
			buildConfigurationList = 1ED18305296E93220070CC3D /* Build configuration list for PBXNativeTarget "galaxia" */;
			buildPhases = (
				65280D5D2995C439AC08AA21 /* [CP] Check Pods Manifest.lock */,
				1ED182ED296E93200070CC3D /* Sources */,
				1ED182EE296E93200070CC3D /* Frameworks */,
				1ED182EF296E93200070CC3D /* Resources */,
				4DC46EF58CF03316A4DF08ED /* [CP] Embed Pods Frameworks */,
			);
			buildRules = (
			);
			dependencies = (
			);
			name = galaxia;
			productName = galaxia;
			productReference = 1ED182F1296E93200070CC3D /* galaxia.app */;
			productType = "com.apple.product-type.application";
		};
/* End PBXNativeTarget section */

/* Begin PBXProject section */
		1ED182E9296E93200070CC3D /* Project object */ = {
			isa = PBXProject;
			attributes = {
				BuildIndependentTargetsInParallel = 1;
				LastSwiftUpdateCheck = 1420;
				LastUpgradeCheck = 1420;
				TargetAttributes = {
					1ED182F0296E93200070CC3D = {
						CreatedOnToolsVersion = 14.2;
					};
				};
			};
			buildConfigurationList = 1ED182EC296E93200070CC3D /* Build configuration list for PBXProject "galaxia" */;
			compatibilityVersion = "Xcode 14.0";
			developmentRegion = en;
			hasScannedForEncodings = 0;
			knownRegions = (
				en,
				Base,
			);
			mainGroup = 1ED182E8296E93200070CC3D;
			productRefGroup = 1ED182F2296E93200070CC3D /* Products */;
			projectDirPath = "";
			projectRoot = "";
			targets = (
				1ED182F0296E93200070CC3D /* galaxia */,
			);
		};
/* End PBXProject section */

/* Begin PBXResourcesBuildPhase section */
		1ED182EF296E93200070CC3D /* Resources */ = {
			isa = PBXResourcesBuildPhase;
			buildActionMask = 2147483647;
			files = (
				1E704F9F29718F0700D75A35 /* Gilroy-ExtraBold.ttf in Resources */,
				1E704FA529718F0700D75A35 /* Gilroy-Regular.ttf in Resources */,
				1E704FA229718F0700D75A35 /* Gilroy-BlackItalic.ttf in Resources */,
				1E704FA829718F0700D75A35 /* Gilroy-Thin.ttf in Resources */,
				1E704FA729718F0700D75A35 /* Gilroy-RegularItalic.ttf in Resources */,
				1E704FAD29718F0700D75A35 /* Gilroy-LightItalic.ttf in Resources */,
				1ED18301296E93220070CC3D /* LaunchScreen.storyboard in Resources */,
				1ED1830F296E97E80070CC3D /* Colors.xcassets in Resources */,
				1E704FA129718F0700D75A35 /* Gilroy-Bold.ttf in Resources */,
				1E704FAC29718F0700D75A35 /* Gilroy-SemiBold.ttf in Resources */,
				1E704FAB29718F0700D75A35 /* Gilroy-UltraLightItalic.ttf in Resources */,
				1E704F9D29718F0700D75A35 /* Gilroy-ExtraBoldItalic.ttf in Resources */,
				1E704FA429718F0700D75A35 /* Gilroy-Heavy.ttf in Resources */,
				1EAE282C296F0676006E63BC /* loader.json in Resources */,
				1ED182FE296E93220070CC3D /* Assets.xcassets in Resources */,
				1E704FAE29718F0700D75A35 /* Gilroy-Medium.ttf in Resources */,
				1E704FAA29718F0700D75A35 /* Gilroy-UltraLight.ttf in Resources */,
				1E21A7B42971AB09009A8B63 /* CatCollectionViewCell.xib in Resources */,
				1E704F9E29718F0700D75A35 /* Gilroy-HeavyItalic.ttf in Resources */,
				1E704FAF29718F0700D75A35 /* Gilroy-Light.ttf in Resources */,
				1E571EBB297173680077E5C1 /* ResultCell.xib in Resources */,
				1E704FA329718F0700D75A35 /* Gilroy-BoldItalic.ttf in Resources */,
				1E704FA029718F0700D75A35 /* Gilroy-ThinItalic.ttf in Resources */,
				1ED1831B296EBEA20070CC3D /* GalaxyCollectionViewCell.xib in Resources */,
				1E704FA629718F0700D75A35 /* Gilroy-Black.ttf in Resources */,
				1E704FA929718F0700D75A35 /* Gilroy-MediumItalic.ttf in Resources */,
				1E704F9C29718F0700D75A35 /* Gilroy-SemiBoldItalic.ttf in Resources */,
				1ED182FC296E93200070CC3D /* Main.storyboard in Resources */,
			);
			runOnlyForDeploymentPostprocessing = 0;
		};
/* End PBXResourcesBuildPhase section */

/* Begin PBXShellScriptBuildPhase section */
		4DC46EF58CF03316A4DF08ED /* [CP] Embed Pods Frameworks */ = {
			isa = PBXShellScriptBuildPhase;
			buildActionMask = 2147483647;
			files = (
			);
			inputFileListPaths = (
				"${PODS_ROOT}/Target Support Files/Pods-galaxia/Pods-galaxia-frameworks-${CONFIGURATION}-input-files.xcfilelist",
			);
			name = "[CP] Embed Pods Frameworks";
			outputFileListPaths = (
				"${PODS_ROOT}/Target Support Files/Pods-galaxia/Pods-galaxia-frameworks-${CONFIGURATION}-output-files.xcfilelist",
			);
			runOnlyForDeploymentPostprocessing = 0;
			shellPath = /bin/sh;
			shellScript = "\"${PODS_ROOT}/Target Support Files/Pods-galaxia/Pods-galaxia-frameworks.sh\"\n";
			showEnvVarsInLog = 0;
		};
		65280D5D2995C439AC08AA21 /* [CP] Check Pods Manifest.lock */ = {
			isa = PBXShellScriptBuildPhase;
			buildActionMask = 2147483647;
			files = (
			);
			inputFileListPaths = (
			);
			inputPaths = (
				"${PODS_PODFILE_DIR_PATH}/Podfile.lock",
				"${PODS_ROOT}/Manifest.lock",
			);
			name = "[CP] Check Pods Manifest.lock";
			outputFileListPaths = (
			);
			outputPaths = (
				"$(DERIVED_FILE_DIR)/Pods-galaxia-checkManifestLockResult.txt",
			);
			runOnlyForDeploymentPostprocessing = 0;
			shellPath = /bin/sh;
			shellScript = "diff \"${PODS_PODFILE_DIR_PATH}/Podfile.lock\" \"${PODS_ROOT}/Manifest.lock\" > /dev/null\nif [ $? != 0 ] ; then\n    # print error to STDERR\n    echo \"error: The sandbox is not in sync with the Podfile.lock. Run 'pod install' or update your CocoaPods installation.\" >&2\n    exit 1\nfi\n# This output is used by Xcode 'outputs' to avoid re-running this script phase.\necho \"SUCCESS\" > \"${SCRIPT_OUTPUT_FILE_0}\"\n";
			showEnvVarsInLog = 0;
		};
/* End PBXShellScriptBuildPhase section */

/* Begin PBXSourcesBuildPhase section */
		1ED182ED296E93200070CC3D /* Sources */ = {
			isa = PBXSourcesBuildPhase;
			buildActionMask = 2147483647;
			files = (
				1E21A7B32971AB09009A8B63 /* CatCollectionViewCell.swift in Sources */,
				1E0201B22971C5AA00C4FD44 /* Values.swift in Sources */,
				1EAE281A296EDE9F006E63BC /* NetworkLayer.swift in Sources */,
				1EAE2829296F05A8006E63BC /* UIViewController+Extension.swift in Sources */,
				1EAE2810296ECDF5006E63BC /* Collection+Extension.swift in Sources */,
				1ED1831F296EC5CC0070CC3D /* HomeViewController.swift in Sources */,
				1E571EBA297173680077E5C1 /* ResultCell.swift in Sources */,
				1EAE281D296EE30A006E63BC /* ResultViewModel.swift in Sources */,
				1ED182F5296E93200070CC3D /* AppDelegate.swift in Sources */,
				1EE4A86A2971BCC90078C7C1 /* TabViewController.swift in Sources */,
				1EAE2817296EDE38006E63BC /* GalaxyModel.swift in Sources */,
				1EAE2815296EDDCA006E63BC /* HomeModel.swift in Sources */,
				1EAE281F296EE328006E63BC /* ResultService.swift in Sources */,
				1E0201B02971BFC400C4FD44 /* PagerScrollView.swift in Sources */,
				1ED18312296EAE640070CC3D /* UIView+Extensions.swift in Sources */,
				1ED1831A296EBEA20070CC3D /* GalaxyCollectionViewCell.swift in Sources */,
				1E704F86297185E200D75A35 /* HomeViewModel.swift in Sources */,
				1EAE2822296EEFA3006E63BC /* ResultViewController.swift in Sources */,
			);
			runOnlyForDeploymentPostprocessing = 0;
		};
/* End PBXSourcesBuildPhase section */

/* Begin PBXVariantGroup section */
		1ED182FA296E93200070CC3D /* Main.storyboard */ = {
			isa = PBXVariantGroup;
			children = (
				1ED182FB296E93200070CC3D /* Base */,
			);
			name = Main.storyboard;
			sourceTree = "<group>";
		};
		1ED182FF296E93220070CC3D /* LaunchScreen.storyboard */ = {
			isa = PBXVariantGroup;
			children = (
				1ED18300296E93220070CC3D /* Base */,
			);
			name = LaunchScreen.storyboard;
			sourceTree = "<group>";
		};
/* End PBXVariantGroup section */

/* Begin XCBuildConfiguration section */
		1ED18303296E93220070CC3D /* Debug */ = {
			isa = XCBuildConfiguration;
			buildSettings = {
				ALWAYS_SEARCH_USER_PATHS = NO;
				CLANG_ANALYZER_NONNULL = YES;
				CLANG_ANALYZER_NUMBER_OBJECT_CONVERSION = YES_AGGRESSIVE;
				CLANG_CXX_LANGUAGE_STANDARD = "gnu++20";
				CLANG_ENABLE_MODULES = YES;
				CLANG_ENABLE_OBJC_ARC = YES;
				CLANG_ENABLE_OBJC_WEAK = YES;
				CLANG_WARN_BLOCK_CAPTURE_AUTORELEASING = YES;
				CLANG_WARN_BOOL_CONVERSION = YES;
				CLANG_WARN_COMMA = YES;
				CLANG_WARN_CONSTANT_CONVERSION = YES;
				CLANG_WARN_DEPRECATED_OBJC_IMPLEMENTATIONS = YES;
				CLANG_WARN_DIRECT_OBJC_ISA_USAGE = YES_ERROR;
				CLANG_WARN_DOCUMENTATION_COMMENTS = YES;
				CLANG_WARN_EMPTY_BODY = YES;
				CLANG_WARN_ENUM_CONVERSION = YES;
				CLANG_WARN_INFINITE_RECURSION = YES;
				CLANG_WARN_INT_CONVERSION = YES;
				CLANG_WARN_NON_LITERAL_NULL_CONVERSION = YES;
				CLANG_WARN_OBJC_IMPLICIT_RETAIN_SELF = YES;
				CLANG_WARN_OBJC_LITERAL_CONVERSION = YES;
				CLANG_WARN_OBJC_ROOT_CLASS = YES_ERROR;
				CLANG_WARN_QUOTED_INCLUDE_IN_FRAMEWORK_HEADER = YES;
				CLANG_WARN_RANGE_LOOP_ANALYSIS = YES;
				CLANG_WARN_STRICT_PROTOTYPES = YES;
				CLANG_WARN_SUSPICIOUS_MOVE = YES;
				CLANG_WARN_UNGUARDED_AVAILABILITY = YES_AGGRESSIVE;
				CLANG_WARN_UNREACHABLE_CODE = YES;
				CLANG_WARN__DUPLICATE_METHOD_MATCH = YES;
				COPY_PHASE_STRIP = NO;
				DEBUG_INFORMATION_FORMAT = dwarf;
				ENABLE_STRICT_OBJC_MSGSEND = YES;
				ENABLE_TESTABILITY = YES;
				GCC_C_LANGUAGE_STANDARD = gnu11;
				GCC_DYNAMIC_NO_PIC = NO;
				GCC_NO_COMMON_BLOCKS = YES;
				GCC_OPTIMIZATION_LEVEL = 0;
				GCC_PREPROCESSOR_DEFINITIONS = (
					"DEBUG=1",
					"$(inherited)",
				);
				GCC_WARN_64_TO_32_BIT_CONVERSION = YES;
				GCC_WARN_ABOUT_RETURN_TYPE = YES_ERROR;
				GCC_WARN_UNDECLARED_SELECTOR = YES;
				GCC_WARN_UNINITIALIZED_AUTOS = YES_AGGRESSIVE;
				GCC_WARN_UNUSED_FUNCTION = YES;
				GCC_WARN_UNUSED_VARIABLE = YES;
				IPHONEOS_DEPLOYMENT_TARGET = 13.0;
				MTL_ENABLE_DEBUG_INFO = INCLUDE_SOURCE;
				MTL_FAST_MATH = YES;
				ONLY_ACTIVE_ARCH = YES;
				SDKROOT = iphoneos;
				SWIFT_ACTIVE_COMPILATION_CONDITIONS = DEBUG;
				SWIFT_OPTIMIZATION_LEVEL = "-Onone";
			};
			name = Debug;
		};
		1ED18304296E93220070CC3D /* Release */ = {
			isa = XCBuildConfiguration;
			buildSettings = {
				ALWAYS_SEARCH_USER_PATHS = NO;
				CLANG_ANALYZER_NONNULL = YES;
				CLANG_ANALYZER_NUMBER_OBJECT_CONVERSION = YES_AGGRESSIVE;
				CLANG_CXX_LANGUAGE_STANDARD = "gnu++20";
				CLANG_ENABLE_MODULES = YES;
				CLANG_ENABLE_OBJC_ARC = YES;
				CLANG_ENABLE_OBJC_WEAK = YES;
				CLANG_WARN_BLOCK_CAPTURE_AUTORELEASING = YES;
				CLANG_WARN_BOOL_CONVERSION = YES;
				CLANG_WARN_COMMA = YES;
				CLANG_WARN_CONSTANT_CONVERSION = YES;
				CLANG_WARN_DEPRECATED_OBJC_IMPLEMENTATIONS = YES;
				CLANG_WARN_DIRECT_OBJC_ISA_USAGE = YES_ERROR;
				CLANG_WARN_DOCUMENTATION_COMMENTS = YES;
				CLANG_WARN_EMPTY_BODY = YES;
				CLANG_WARN_ENUM_CONVERSION = YES;
				CLANG_WARN_INFINITE_RECURSION = YES;
				CLANG_WARN_INT_CONVERSION = YES;
				CLANG_WARN_NON_LITERAL_NULL_CONVERSION = YES;
				CLANG_WARN_OBJC_IMPLICIT_RETAIN_SELF = YES;
				CLANG_WARN_OBJC_LITERAL_CONVERSION = YES;
				CLANG_WARN_OBJC_ROOT_CLASS = YES_ERROR;
				CLANG_WARN_QUOTED_INCLUDE_IN_FRAMEWORK_HEADER = YES;
				CLANG_WARN_RANGE_LOOP_ANALYSIS = YES;
				CLANG_WARN_STRICT_PROTOTYPES = YES;
				CLANG_WARN_SUSPICIOUS_MOVE = YES;
				CLANG_WARN_UNGUARDED_AVAILABILITY = YES_AGGRESSIVE;
				CLANG_WARN_UNREACHABLE_CODE = YES;
				CLANG_WARN__DUPLICATE_METHOD_MATCH = YES;
				COPY_PHASE_STRIP = NO;
				DEBUG_INFORMATION_FORMAT = "dwarf-with-dsym";
				ENABLE_NS_ASSERTIONS = NO;
				ENABLE_STRICT_OBJC_MSGSEND = YES;
				GCC_C_LANGUAGE_STANDARD = gnu11;
				GCC_NO_COMMON_BLOCKS = YES;
				GCC_WARN_64_TO_32_BIT_CONVERSION = YES;
				GCC_WARN_ABOUT_RETURN_TYPE = YES_ERROR;
				GCC_WARN_UNDECLARED_SELECTOR = YES;
				GCC_WARN_UNINITIALIZED_AUTOS = YES_AGGRESSIVE;
				GCC_WARN_UNUSED_FUNCTION = YES;
				GCC_WARN_UNUSED_VARIABLE = YES;
				IPHONEOS_DEPLOYMENT_TARGET = 13.0;
				MTL_ENABLE_DEBUG_INFO = NO;
				MTL_FAST_MATH = YES;
				SDKROOT = iphoneos;
				SWIFT_COMPILATION_MODE = wholemodule;
				SWIFT_OPTIMIZATION_LEVEL = "-O";
				VALIDATE_PRODUCT = YES;
			};
			name = Release;
		};
		1ED18306296E93220070CC3D /* Debug */ = {
			isa = XCBuildConfiguration;
			baseConfigurationReference = C844944D3E8EBCFC471F524C /* Pods-galaxia.debug.xcconfig */;
			buildSettings = {
				ASSETCATALOG_COMPILER_APPICON_NAME = AppIcon;
				ASSETCATALOG_COMPILER_GLOBAL_ACCENT_COLOR_NAME = AccentColor;
				CODE_SIGN_STYLE = Automatic;
				CURRENT_PROJECT_VERSION = 1;
				DEVELOPMENT_TEAM = A9B3XH8KVQ;
				GENERATE_INFOPLIST_FILE = YES;
				INFOPLIST_FILE = galaxia/Info.plist;
				INFOPLIST_KEY_UIApplicationSupportsIndirectInputEvents = YES;
				INFOPLIST_KEY_UILaunchStoryboardName = LaunchScreen;
				INFOPLIST_KEY_UIMainStoryboardFile = Main;
				INFOPLIST_KEY_UISupportedInterfaceOrientations_iPad = "UIInterfaceOrientationPortrait UIInterfaceOrientationPortraitUpsideDown UIInterfaceOrientationLandscapeLeft UIInterfaceOrientationLandscapeRight";
				INFOPLIST_KEY_UISupportedInterfaceOrientations_iPhone = "UIInterfaceOrientationPortrait UIInterfaceOrientationLandscapeLeft UIInterfaceOrientationLandscapeRight";
				IPHONEOS_DEPLOYMENT_TARGET = 13.0;
				LD_RUNPATH_SEARCH_PATHS = (
					"$(inherited)",
					"@executable_path/Frameworks",
				);
				MARKETING_VERSION = 1.0;
				PRODUCT_BUNDLE_IDENTIFIER = com.meridian.galaxia;
				PRODUCT_NAME = "$(TARGET_NAME)";
				SWIFT_EMIT_LOC_STRINGS = YES;
				SWIFT_VERSION = 5.0;
				TARGETED_DEVICE_FAMILY = "1,2";
			};
			name = Debug;
		};
		1ED18307296E93220070CC3D /* Release */ = {
			isa = XCBuildConfiguration;
			baseConfigurationReference = 5DC28DFE99DBB5B30DA989C3 /* Pods-galaxia.release.xcconfig */;
			buildSettings = {
				ASSETCATALOG_COMPILER_APPICON_NAME = AppIcon;
				ASSETCATALOG_COMPILER_GLOBAL_ACCENT_COLOR_NAME = AccentColor;
				CODE_SIGN_STYLE = Automatic;
				CURRENT_PROJECT_VERSION = 1;
				DEVELOPMENT_TEAM = A9B3XH8KVQ;
				GENERATE_INFOPLIST_FILE = YES;
				INFOPLIST_FILE = galaxia/Info.plist;
				INFOPLIST_KEY_UIApplicationSupportsIndirectInputEvents = YES;
				INFOPLIST_KEY_UILaunchStoryboardName = LaunchScreen;
				INFOPLIST_KEY_UIMainStoryboardFile = Main;
				INFOPLIST_KEY_UISupportedInterfaceOrientations_iPad = "UIInterfaceOrientationPortrait UIInterfaceOrientationPortraitUpsideDown UIInterfaceOrientationLandscapeLeft UIInterfaceOrientationLandscapeRight";
				INFOPLIST_KEY_UISupportedInterfaceOrientations_iPhone = "UIInterfaceOrientationPortrait UIInterfaceOrientationLandscapeLeft UIInterfaceOrientationLandscapeRight";
				IPHONEOS_DEPLOYMENT_TARGET = 13.0;
				LD_RUNPATH_SEARCH_PATHS = (
					"$(inherited)",
					"@executable_path/Frameworks",
				);
				MARKETING_VERSION = 1.0;
				PRODUCT_BUNDLE_IDENTIFIER = com.meridian.galaxia;
				PRODUCT_NAME = "$(TARGET_NAME)";
				SWIFT_EMIT_LOC_STRINGS = YES;
				SWIFT_VERSION = 5.0;
				TARGETED_DEVICE_FAMILY = "1,2";
			};
			name = Release;
		};
/* End XCBuildConfiguration section */

/* Begin XCConfigurationList section */
		1ED182EC296E93200070CC3D /* Build configuration list for PBXProject "galaxia" */ = {
			isa = XCConfigurationList;
			buildConfigurations = (
				1ED18303296E93220070CC3D /* Debug */,
				1ED18304296E93220070CC3D /* Release */,
			);
			defaultConfigurationIsVisible = 0;
			defaultConfigurationName = Release;
		};
		1ED18305296E93220070CC3D /* Build configuration list for PBXNativeTarget "galaxia" */ = {
			isa = XCConfigurationList;
			buildConfigurations = (
				1ED18306296E93220070CC3D /* Debug */,
				1ED18307296E93220070CC3D /* Release */,
			);
			defaultConfigurationIsVisible = 0;
			defaultConfigurationName = Release;
		};
/* End XCConfigurationList section */
	};
	rootObject = 1ED182E9296E93200070CC3D /* Project object */;
}
